
Microsoft Visual Studio Solution File, Format Version 12.00
# Visual Studio Version 17
VisualStudioVersion = 17.14.36310.24 d17.14
MinimumVisualStudioVersion = 10.0.40219.1
Project("{FAE04EC0-301F-11D3-BF4B-00C04F79EFBC}") = "learning_csharp_202507", "learning_csharp_202507\learning_csharp_202507.csproj", "{0DE440D7-31D3-4AA9-9DE2-4E0829832823}"
EndProject
Project("{FAE04EC0-301F-11D3-BF4B-00C04F79EFBC}") = "les_02", "les_02\les_02.csproj", "{15A36DAF-D34B-49BA-B7D7-E3AE4931E416}"
EndProject
Global
	GlobalSection(SolutionConfigurationPlatforms) = preSolution
		Debug|Any CPU = Debug|Any CPU
		Release|Any CPU = Release|Any CPU
	EndGlobalSection
	GlobalSection(ProjectConfigurationPlatforms) = postSolution
		{0DE440D7-31D3-4AA9-9DE2-4E0829832823}.Debug|Any CPU.ActiveCfg = Debug|Any CPU
		{0DE440D7-31D3-4AA9-9DE2-4E0829832823}.Debug|Any CPU.Build.0 = Debug|Any CPU
		{0DE440D7-31D3-4AA9-9DE2-4E0829832823}.Release|Any CPU.ActiveCfg = Release|Any CPU
		{0DE440D7-31D3-4AA9-9DE2-4E0829832823}.Release|Any CPU.Build.0 = Release|Any CPU
		{15A36DAF-D34B-49BA-B7D7-E3AE4931E416}.Debug|Any CPU.ActiveCfg = Debug|Any CPU
		{15A36DAF-D34B-49BA-B7D7-E3AE4931E416}.Debug|Any CPU.Build.0 = Debug|Any CPU
		{15A36DAF-D34B-49BA-B7D7-E3AE4931E416}.Release|Any CPU.ActiveCfg = Release|Any CPU
		{15A36DAF-D34B-49BA-B7D7-E3AE4931E416}.Release|Any CPU.Build.0 = Release|Any CPU
	EndGlobalSection
	GlobalSection(SolutionProperties) = preSolution
		HideSolutionNode = FALSE
	EndGlobalSection
	GlobalSection(ExtensibilityGlobals) = postSolution
		SolutionGuid = {B01619F9-8781-48E5-960C-BC26C2F12574}
	EndGlobalSection
EndGlobal
